
Microsoft Visual Studio Solution File, Format Version 12.00
Project("{FAE04EC0-301F-11D3-BF4B-00C04F79EFBC}") = "Adventure Console", "Adventure Console.csproj", "{9C94BAFC-BFAC-4E38-9283-D9E3B362289C}"
EndProject
Global
	GlobalSection(SolutionConfigurationPlatforms) = preSolution
		Debug|Any CPU = Debug|Any CPU
		Release|Any CPU = Release|Any CPU
	EndGlobalSection
	GlobalSection(ProjectConfigurationPlatforms) = postSolution
		{9C94BAFC-BFAC-4E38-9283-D9E3B362289C}.Debug|Any CPU.ActiveCfg = Debug|Any CPU
		{9C94BAFC-BFAC-4E38-9283-D9E3B362289C}.Debug|Any CPU.Build.0 = Debug|Any CPU
		{9C94BAFC-BFAC-4E38-9283-D9E3B362289C}.Release|Any CPU.ActiveCfg = Release|Any CPU
		{9C94BAFC-BFAC-4E38-9283-D9E3B362289C}.Release|Any CPU.Build.0 = Release|Any CPU
	EndGlobalSection
EndGlobal
